<?xml version="1.0" encoding="UTF-8"?>
<CodeBlocks_project_file>
	<FileVersion major="1" minor="6"/>
	<Project>
		<Option title="Scanner"/>
		<Option makefile_is_custom="1"/>
		<Option compiler="gcc"/>
		<Option virtualFolders="CMake Files\;"/>
		<Build>
			<Target title="all">
				<Option working_dir="/home/jamy/CLionProjects/Scanner/cmake-build-debug"/>
				<Option type="4"/>
				<MakeCommands>
					<Build command="/usr/bin/make -j8 -f &quot;/home/jamy/CLionProjects/Scanner/cmake-build-debug/Makefile&quot;  VERBOSE=1 all"/>
					<CompileFile command="/usr/bin/make -j8 -f &quot;/home/jamy/CLionProjects/Scanner/cmake-build-debug/Makefile&quot;  VERBOSE=1 &quot;$file&quot;"/>
					<Clean command="/usr/bin/make -j8 -f &quot;/home/jamy/CLionProjects/Scanner/cmake-build-debug/Makefile&quot;  VERBOSE=1 clean"/>
					<DistClean command="/usr/bin/make -j8 -f &quot;/home/jamy/CLionProjects/Scanner/cmake-build-debug/Makefile&quot;  VERBOSE=1 clean"/>
				</MakeCommands>
			</Target>
			<Target title="rebuild_cache">
				<Option working_dir="/home/jamy/CLionProjects/Scanner/cmake-build-debug"/>
				<Option type="4"/>
				<MakeCommands>
					<Build command="/usr/bin/make -j8 -f &quot;/home/jamy/CLionProjects/Scanner/cmake-build-debug/Makefile&quot;  VERBOSE=1 rebuild_cache"/>
					<CompileFile command="/usr/bin/make -j8 -f &quot;/home/jamy/CLionProjects/Scanner/cmake-build-debug/Makefile&quot;  VERBOSE=1 &quot;$file&quot;"/>
					<Clean command="/usr/bin/make -j8 -f &quot;/home/jamy/CLionProjects/Scanner/cmake-build-debug/Makefile&quot;  VERBOSE=1 clean"/>
					<DistClean command="/usr/bin/make -j8 -f &quot;/home/jamy/CLionProjects/Scanner/cmake-build-debug/Makefile&quot;  VERBOSE=1 clean"/>
				</MakeCommands>
			</Target>
			<Target title="edit_cache">
				<Option working_dir="/home/jamy/CLionProjects/Scanner/cmake-build-debug"/>
				<Option type="4"/>
				<MakeCommands>
					<Build command="/usr/bin/make -j8 -f &quot;/home/jamy/CLionProjects/Scanner/cmake-build-debug/Makefile&quot;  VERBOSE=1 edit_cache"/>
					<CompileFile command="/usr/bin/make -j8 -f &quot;/home/jamy/CLionProjects/Scanner/cmake-build-debug/Makefile&quot;  VERBOSE=1 &quot;$file&quot;"/>
					<Clean command="/usr/bin/make -j8 -f &quot;/home/jamy/CLionProjects/Scanner/cmake-build-debug/Makefile&quot;  VERBOSE=1 clean"/>
					<DistClean command="/usr/bin/make -j8 -f &quot;/home/jamy/CLionProjects/Scanner/cmake-build-debug/Makefile&quot;  VERBOSE=1 clean"/>
				</MakeCommands>
			</Target>
			<Target title="Scanner">
				<Option output="/home/jamy/CLionProjects/Scanner/cmake-build-debug/Scanner" prefix_auto="0" extension_auto="0"/>
				<Option working_dir="/home/jamy/CLionProjects/Scanner/cmake-build-debug"/>
				<Option object_output="./"/>
				<Option type="1"/>
				<Option compiler="gcc"/>
				<Compiler>
					<Add directory="/usr/include/c++/5"/>
					<Add directory="/usr/include/x86_64-linux-gnu/c++/5"/>
					<Add directory="/usr/include/c++/5/backward"/>
					<Add directory="/usr/lib/gcc/x86_64-linux-gnu/5/include"/>
					<Add directory="/usr/local/include"/>
					<Add directory="/usr/lib/gcc/x86_64-linux-gnu/5/include-fixed"/>
					<Add directory="/usr/include/x86_64-linux-gnu"/>
					<Add directory="/usr/include"/>
				</Compiler>
				<MakeCommands>
					<Build command="/usr/bin/make -j8 -f &quot;/home/jamy/CLionProjects/Scanner/cmake-build-debug/Makefile&quot;  VERBOSE=1 Scanner"/>
					<CompileFile command="/usr/bin/make -j8 -f &quot;/home/jamy/CLionProjects/Scanner/cmake-build-debug/Makefile&quot;  VERBOSE=1 &quot;$file&quot;"/>
					<Clean command="/usr/bin/make -j8 -f &quot;/home/jamy/CLionProjects/Scanner/cmake-build-debug/Makefile&quot;  VERBOSE=1 clean"/>
					<DistClean command="/usr/bin/make -j8 -f &quot;/home/jamy/CLionProjects/Scanner/cmake-build-debug/Makefile&quot;  VERBOSE=1 clean"/>
				</MakeCommands>
			</Target>
			<Target title="Scanner/fast">
				<Option output="/home/jamy/CLionProjects/Scanner/cmake-build-debug/Scanner" prefix_auto="0" extension_auto="0"/>
				<Option working_dir="/home/jamy/CLionProjects/Scanner/cmake-build-debug"/>
				<Option object_output="./"/>
				<Option type="1"/>
				<Option compiler="gcc"/>
				<Compiler>
					<Add directory="/usr/include/c++/5"/>
					<Add directory="/usr/include/x86_64-linux-gnu/c++/5"/>
					<Add directory="/usr/include/c++/5/backward"/>
					<Add directory="/usr/lib/gcc/x86_64-linux-gnu/5/include"/>
					<Add directory="/usr/local/include"/>
					<Add directory="/usr/lib/gcc/x86_64-linux-gnu/5/include-fixed"/>
					<Add directory="/usr/include/x86_64-linux-gnu"/>
					<Add directory="/usr/include"/>
				</Compiler>
				<MakeCommands>
					<Build command="/usr/bin/make -j8 -f &quot;/home/jamy/CLionProjects/Scanner/cmake-build-debug/Makefile&quot;  VERBOSE=1 Scanner/fast"/>
					<CompileFile command="/usr/bin/make -j8 -f &quot;/home/jamy/CLionProjects/Scanner/cmake-build-debug/Makefile&quot;  VERBOSE=1 &quot;$file&quot;"/>
					<Clean command="/usr/bin/make -j8 -f &quot;/home/jamy/CLionProjects/Scanner/cmake-build-debug/Makefile&quot;  VERBOSE=1 clean"/>
					<DistClean command="/usr/bin/make -j8 -f &quot;/home/jamy/CLionProjects/Scanner/cmake-build-debug/Makefile&quot;  VERBOSE=1 clean"/>
				</MakeCommands>
			</Target>
		</Build>
		<Unit filename="/home/jamy/CLionProjects/Scanner/cmake-build-debug/States.cpp">
			<Option target="Scanner"/>
		</Unit>
		<Unit filename="/home/jamy/CLionProjects/Scanner/cmake-build-debug/States.h">
			<Option target="Scanner"/>
		</Unit>
		<Unit filename="/home/jamy/CLionProjects/Scanner/cmake-build-debug/StrFunctions.cpp">
			<Option target="Scanner"/>
		</Unit>
		<Unit filename="/home/jamy/CLionProjects/Scanner/cmake-build-debug/StrFunctions.h">
			<Option target="Scanner"/>
		</Unit>
		<Unit filename="/home/jamy/CLionProjects/Scanner/cmake-build-debug/Token.cpp">
			<Option target="Scanner"/>
		</Unit>
		<Unit filename="/home/jamy/CLionProjects/Scanner/cmake-build-debug/Token.h">
			<Option target="Scanner"/>
		</Unit>
		<Unit filename="/home/jamy/CLionProjects/Scanner/cmake-build-debug/keywords.cpp">
			<Option target="Scanner"/>
		</Unit>
		<Unit filename="/home/jamy/CLionProjects/Scanner/cmake-build-debug/keywords.h">
			<Option target="Scanner"/>
		</Unit>
		<Unit filename="/home/jamy/CLionProjects/Scanner/cmake-build-debug/scanner.cpp">
			<Option target="Scanner"/>
		</Unit>
		<Unit filename="/home/jamy/CLionProjects/Scanner/cmake-build-debug/scanner.h">
			<Option target="Scanner"/>
		</Unit>
		<Unit filename="/home/jamy/CLionProjects/Scanner/cmake-build-debug/scannerTester.cpp">
			<Option target="Scanner"/>
		</Unit>
		<Unit filename="/home/jamy/CLionProjects/Scanner/cmake-build-debug/scannerTester.h">
			<Option target="Scanner"/>
		</Unit>
		<Unit filename="/home/jamy/CLionProjects/Scanner/CMakeLists.txt">
			<Option virtualFolder="CMake Files\"/>
		</Unit>
	</Project>
</CodeBlocks_project_file>
